
Microsoft Visual Studio Solution File, Format Version 12.00
# Visual Studio 15
VisualStudioVersion = 15.0.28307.271
MinimumVisualStudioVersion = 10.0.40219.1
Project("{FAE04EC0-301F-11D3-BF4B-00C04F79EFBC}") = "FortuneTellerPractice", "FortuneTellerPractice\FortuneTellerPractice.csproj", "{AC1F6A48-1BBD-4EAB-9304-56839D9E4359}"
EndProject
Global
	GlobalSection(SolutionConfigurationPlatforms) = preSolution
		Debug|Any CPU = Debug|Any CPU
		Release|Any CPU = Release|Any CPU
	EndGlobalSection
	GlobalSection(ProjectConfigurationPlatforms) = postSolution
		{AC1F6A48-1BBD-4EAB-9304-56839D9E4359}.Debug|Any CPU.ActiveCfg = Debug|Any CPU
		{AC1F6A48-1BBD-4EAB-9304-56839D9E4359}.Debug|Any CPU.Build.0 = Debug|Any CPU
		{AC1F6A48-1BBD-4EAB-9304-56839D9E4359}.Release|Any CPU.ActiveCfg = Release|Any CPU
		{AC1F6A48-1BBD-4EAB-9304-56839D9E4359}.Release|Any CPU.Build.0 = Release|Any CPU
	EndGlobalSection
	GlobalSection(SolutionProperties) = preSolution
		HideSolutionNode = FALSE
	EndGlobalSection
	GlobalSection(ExtensibilityGlobals) = postSolution
		SolutionGuid = {DC6F782E-BFBA-4D10-B1FD-084FA43E0F70}
	EndGlobalSection
EndGlobal
